
Microsoft Visual Studio Solution File, Format Version 12.00
# Visual Studio Version 17
VisualStudioVersion = 17.11.35219.272
MinimumVisualStudioVersion = 10.0.40219.1
Project("{FAE04EC0-301F-11D3-BF4B-00C04F79EFBC}") = "TPGame", "TPGame.csproj", "{AFEA52C2-D396-4946-A49B-05056476110A}"
EndProject
Global
	GlobalSection(SolutionConfigurationPlatforms) = preSolution
		Debug|Any CPU = Debug|Any CPU
		Release|Any CPU = Release|Any CPU
	EndGlobalSection
	GlobalSection(ProjectConfigurationPlatforms) = postSolution
		{AFEA52C2-D396-4946-A49B-05056476110A}.Debug|Any CPU.ActiveCfg = Debug|Any CPU
		{AFEA52C2-D396-4946-A49B-05056476110A}.Debug|Any CPU.Build.0 = Debug|Any CPU
		{AFEA52C2-D396-4946-A49B-05056476110A}.Release|Any CPU.ActiveCfg = Release|Any CPU
		{AFEA52C2-D396-4946-A49B-05056476110A}.Release|Any CPU.Build.0 = Release|Any CPU
	EndGlobalSection
	GlobalSection(SolutionProperties) = preSolution
		HideSolutionNode = FALSE
	EndGlobalSection
	GlobalSection(ExtensibilityGlobals) = postSolution
		SolutionGuid = {7E0E8237-BBF8-4ACC-9586-63E9CE459DC3}
	EndGlobalSection
EndGlobal
